// !$*UTF8*$!
{
	archiveVersion = 1;
	classes = {
	};
	objectVersion = 56;
	objects = {

/* Begin PBXBuildFile section */
		97005D25297AB63200A2678F /* DefferedShaders.metal in Sources */ = {isa = PBXBuildFile; fileRef = 97005D24297AB63200A2678F /* DefferedShaders.metal */; };
		974A9AF02998144F00C95972 /* stb in Resources */ = {isa = PBXBuildFile; fileRef = 974A9AEF2998144F00C95972 /* stb */; };
		974A9AF329981B3800C95972 /* StbiImageLoader.m in Sources */ = {isa = PBXBuildFile; fileRef = 974A9AF229981B3800C95972 /* StbiImageLoader.m */; };
		974E344229919A000046ECE2 /* glm in Resources */ = {isa = PBXBuildFile; fileRef = 974E344129919A000046ECE2 /* glm */; };
		9751865B2970766700781420 /* AppDelegate.swift in Sources */ = {isa = PBXBuildFile; fileRef = 9751865A2970766700781420 /* AppDelegate.swift */; };
		9751865F2970766700781420 /* Renderer.swift in Sources */ = {isa = PBXBuildFile; fileRef = 9751865E2970766700781420 /* Renderer.swift */; };
		975186642970766800781420 /* Assets.xcassets in Resources */ = {isa = PBXBuildFile; fileRef = 975186632970766800781420 /* Assets.xcassets */; };
		975186672970766800781420 /* Main.storyboard in Resources */ = {isa = PBXBuildFile; fileRef = 975186652970766800781420 /* Main.storyboard */; };
		975186702970867500781420 /* TriangleShaders.metal in Sources */ = {isa = PBXBuildFile; fileRef = 9751866F2970867500781420 /* TriangleShaders.metal */; };
		9767FD5F29768C0300CC4E8F /* GameViewController.swift in Sources */ = {isa = PBXBuildFile; fileRef = 9751865C2970766700781420 /* GameViewController.swift */; };
		9772F6F6297E81D100416889 /* AssimpMesh.swift in Sources */ = {isa = PBXBuildFile; fileRef = 9772F6F5297E81D000416889 /* AssimpMesh.swift */; };
		9772F6F8297EBE6800416889 /* AssimpSimpleShader.metal in Sources */ = {isa = PBXBuildFile; fileRef = 9772F6F7297EBE6800416889 /* AssimpSimpleShader.metal */; };
		977D7FED297D579100999D61 /* libassimp.5.2.5.dylib in Frameworks */ = {isa = PBXBuildFile; fileRef = 977D7FEB297D561C00999D61 /* libassimp.5.2.5.dylib */; };
		978313E82971856F0082CD5F /* Scene.swift in Sources */ = {isa = PBXBuildFile; fileRef = 978313E72971856F0082CD5F /* Scene.swift */; };
		978313ED297185F60082CD5F /* MainGameScene.swift in Sources */ = {isa = PBXBuildFile; fileRef = 978313EC297185F60082CD5F /* MainGameScene.swift */; };
		978313EF29719CF90082CD5F /* TaskQueue.swift in Sources */ = {isa = PBXBuildFile; fileRef = 978313EE29719CF90082CD5F /* TaskQueue.swift */; };
		9786FB5429919D06009FB064 /* PerspectiveCamera.mm in Sources */ = {isa = PBXBuildFile; fileRef = 9786FB5329919D05009FB064 /* PerspectiveCamera.mm */; };
		979D8B4A299A759000D17B67 /* InputManager.swift in Sources */ = {isa = PBXBuildFile; fileRef = 979D8B49299A759000D17B67 /* InputManager.swift */; };
		979D8B4D299B62EE00D17B67 /* KeyCodes.swift in Sources */ = {isa = PBXBuildFile; fileRef = 979D8B4C299B62EE00D17B67 /* KeyCodes.swift */; };
/* End PBXBuildFile section */

/* Begin PBXFileReference section */
		97005D24297AB63200A2678F /* DefferedShaders.metal */ = {isa = PBXFileReference; lastKnownFileType = sourcecode.metal; path = DefferedShaders.metal; sourceTree = "<group>"; };
		974A9AEF2998144F00C95972 /* stb */ = {isa = PBXFileReference; lastKnownFileType = folder; path = stb; sourceTree = "<group>"; };
		974A9AF129981ACD00C95972 /* StbiImageLoader.h */ = {isa = PBXFileReference; lastKnownFileType = sourcecode.c.h; path = StbiImageLoader.h; sourceTree = "<group>"; };
		974A9AF229981B3800C95972 /* StbiImageLoader.m */ = {isa = PBXFileReference; lastKnownFileType = sourcecode.c.objc; path = StbiImageLoader.m; sourceTree = "<group>"; };
		974E344129919A000046ECE2 /* glm */ = {isa = PBXFileReference; lastKnownFileType = folder; path = glm; sourceTree = "<group>"; };
		974E344329919A540046ECE2 /* PerspectiveCamera.h */ = {isa = PBXFileReference; explicitFileType = sourcecode.cpp.h; path = PerspectiveCamera.h; sourceTree = "<group>"; };
		975186572970766700781420 /* MetalBox.app */ = {isa = PBXFileReference; explicitFileType = wrapper.application; includeInIndex = 0; path = MetalBox.app; sourceTree = BUILT_PRODUCTS_DIR; };
		9751865A2970766700781420 /* AppDelegate.swift */ = {isa = PBXFileReference; lastKnownFileType = sourcecode.swift; path = AppDelegate.swift; sourceTree = "<group>"; };
		9751865C2970766700781420 /* GameViewController.swift */ = {isa = PBXFileReference; lastKnownFileType = sourcecode.swift; path = GameViewController.swift; sourceTree = "<group>"; };
		9751865E2970766700781420 /* Renderer.swift */ = {isa = PBXFileReference; lastKnownFileType = sourcecode.swift; path = Renderer.swift; sourceTree = "<group>"; usesTabs = 1; };
		975186632970766800781420 /* Assets.xcassets */ = {isa = PBXFileReference; lastKnownFileType = folder.assetcatalog; path = Assets.xcassets; sourceTree = "<group>"; };
		975186662970766800781420 /* Base */ = {isa = PBXFileReference; lastKnownFileType = file.storyboard; name = Base; path = Base.lproj/Main.storyboard; sourceTree = "<group>"; };
		975186682970766800781420 /* MetalBox.entitlements */ = {isa = PBXFileReference; lastKnownFileType = text.plist.entitlements; path = MetalBox.entitlements; sourceTree = "<group>"; };
		9751866F2970867500781420 /* TriangleShaders.metal */ = {isa = PBXFileReference; lastKnownFileType = sourcecode.metal; path = TriangleShaders.metal; sourceTree = "<group>"; };
		9772F6F5297E81D000416889 /* AssimpMesh.swift */ = {isa = PBXFileReference; fileEncoding = 4; lastKnownFileType = sourcecode.swift; path = AssimpMesh.swift; sourceTree = "<group>"; };
		9772F6F7297EBE6800416889 /* AssimpSimpleShader.metal */ = {isa = PBXFileReference; lastKnownFileType = sourcecode.metal; path = AssimpSimpleShader.metal; sourceTree = "<group>"; };
		977D7FE9297D53B700999D61 /* MainObjcBridge.h */ = {isa = PBXFileReference; explicitFileType = sourcecode.cpp.h; path = MainObjcBridge.h; sourceTree = "<group>"; };
		977D7FEB297D561C00999D61 /* libassimp.5.2.5.dylib */ = {isa = PBXFileReference; lastKnownFileType = "compiled.mach-o.dylib"; name = libassimp.5.2.5.dylib; path = assimp/bin/libassimp.5.2.5.dylib; sourceTree = "<group>"; };
		978313E72971856F0082CD5F /* Scene.swift */ = {isa = PBXFileReference; lastKnownFileType = sourcecode.swift; path = Scene.swift; sourceTree = "<group>"; };
		978313EC297185F60082CD5F /* MainGameScene.swift */ = {isa = PBXFileReference; lastKnownFileType = sourcecode.swift; path = MainGameScene.swift; sourceTree = "<group>"; };
		978313EE29719CF90082CD5F /* TaskQueue.swift */ = {isa = PBXFileReference; lastKnownFileType = sourcecode.swift; path = TaskQueue.swift; sourceTree = "<group>"; };
		9786FB5329919D05009FB064 /* PerspectiveCamera.mm */ = {isa = PBXFileReference; explicitFileType = sourcecode.cpp.objcpp; path = PerspectiveCamera.mm; sourceTree = "<group>"; };
		979D8B49299A759000D17B67 /* InputManager.swift */ = {isa = PBXFileReference; lastKnownFileType = sourcecode.swift; path = InputManager.swift; sourceTree = "<group>"; };
		979D8B4C299B62EE00D17B67 /* KeyCodes.swift */ = {isa = PBXFileReference; lastKnownFileType = sourcecode.swift; path = KeyCodes.swift; sourceTree = "<group>"; };
/* End PBXFileReference section */

/* Begin PBXFrameworksBuildPhase section */
		975186542970766700781420 /* Frameworks */ = {
			isa = PBXFrameworksBuildPhase;
			buildActionMask = 2147483647;
			files = (
				977D7FED297D579100999D61 /* libassimp.5.2.5.dylib in Frameworks */,
			);
			runOnlyForDeploymentPostprocessing = 0;
		};
/* End PBXFrameworksBuildPhase section */

/* Begin PBXGroup section */
		973F64FA2987DAB200C6A009 /* MathHelpers */ = {
			isa = PBXGroup;
			children = (
				974E344329919A540046ECE2 /* PerspectiveCamera.h */,
				9786FB5329919D05009FB064 /* PerspectiveCamera.mm */,
			);
			path = MathHelpers;
			sourceTree = "<group>";
		};
		9751864E2970766700781420 = {
			isa = PBXGroup;
			children = (
				974A9AEF2998144F00C95972 /* stb */,
				974E344129919A000046ECE2 /* glm */,
				975186592970766700781420 /* MetalBox */,
				975186582970766700781420 /* Products */,
				977D7FEA297D561C00999D61 /* Frameworks */,
			);
			sourceTree = "<group>";
		};
		975186582970766700781420 /* Products */ = {
			isa = PBXGroup;
			children = (
				975186572970766700781420 /* MetalBox.app */,
			);
			name = Products;
			sourceTree = "<group>";
		};
		975186592970766700781420 /* MetalBox */ = {
			isa = PBXGroup;
			children = (
				977D7FE9297D53B700999D61 /* MainObjcBridge.h */,
				978313E6297185440082CD5F /* Game */,
				9751866E297078C900781420 /* Engine */,
				9751865A2970766700781420 /* AppDelegate.swift */,
				9751865C2970766700781420 /* GameViewController.swift */,
				975186632970766800781420 /* Assets.xcassets */,
				975186652970766800781420 /* Main.storyboard */,
				975186682970766800781420 /* MetalBox.entitlements */,
			);
			path = MetalBox;
			sourceTree = "<group>";
		};
		9751866E297078C900781420 /* Engine */ = {
			isa = PBXGroup;
			children = (
				979D8B4B299B62DB00D17B67 /* Input */,
				973F64FA2987DAB200C6A009 /* MathHelpers */,
				9767FD20297677B300CC4E8F /* Models */,
				975186712970867C00781420 /* Shaders */,
				9751865E2970766700781420 /* Renderer.swift */,
				978313E72971856F0082CD5F /* Scene.swift */,
				978313EE29719CF90082CD5F /* TaskQueue.swift */,
			);
			path = Engine;
			sourceTree = "<group>";
		};
		975186712970867C00781420 /* Shaders */ = {
			isa = PBXGroup;
			children = (
				9751866F2970867500781420 /* TriangleShaders.metal */,
			);
			path = Shaders;
			sourceTree = "<group>";
		};
		9767FD20297677B300CC4E8F /* Models */ = {
			isa = PBXGroup;
			children = (
				9772F6F5297E81D000416889 /* AssimpMesh.swift */,
				9772F6F7297EBE6800416889 /* AssimpSimpleShader.metal */,
				974A9AF129981ACD00C95972 /* StbiImageLoader.h */,
				974A9AF229981B3800C95972 /* StbiImageLoader.m */,
			);
			path = Models;
			sourceTree = "<group>";
		};
		977D7FEA297D561C00999D61 /* Frameworks */ = {
			isa = PBXGroup;
			children = (
				977D7FEB297D561C00999D61 /* libassimp.5.2.5.dylib */,
			);
			name = Frameworks;
			sourceTree = "<group>";
		};
		978313E6297185440082CD5F /* Game */ = {
			isa = PBXGroup;
			children = (
				978313EC297185F60082CD5F /* MainGameScene.swift */,
				97005D24297AB63200A2678F /* DefferedShaders.metal */,
			);
			path = Game;
			sourceTree = "<group>";
		};
		979D8B4B299B62DB00D17B67 /* Input */ = {
			isa = PBXGroup;
			children = (
				979D8B49299A759000D17B67 /* InputManager.swift */,
				979D8B4C299B62EE00D17B67 /* KeyCodes.swift */,
			);
			path = Input;
			sourceTree = "<group>";
		};
/* End PBXGroup section */

/* Begin PBXNativeTarget section */
		975186562970766700781420 /* MetalBox */ = {
			isa = PBXNativeTarget;
			buildConfigurationList = 9751866B2970766800781420 /* Build configuration list for PBXNativeTarget "MetalBox" */;
			buildPhases = (
				975186532970766700781420 /* Sources */,
				975186542970766700781420 /* Frameworks */,
				975186552970766700781420 /* Resources */,
			);
			buildRules = (
			);
			dependencies = (
			);
			name = MetalBox;
			packageProductDependencies = (
			);
			productName = MetalBox;
			productReference = 975186572970766700781420 /* MetalBox.app */;
			productType = "com.apple.product-type.application";
		};
/* End PBXNativeTarget section */

/* Begin PBXProject section */
		9751864F2970766700781420 /* Project object */ = {
			isa = PBXProject;
			attributes = {
				BuildIndependentTargetsInParallel = 1;
				LastSwiftUpdateCheck = 1420;
				LastUpgradeCheck = 1420;
				TargetAttributes = {
					975186562970766700781420 = {
						CreatedOnToolsVersion = 14.2;
						LastSwiftMigration = 1420;
					};
				};
			};
			buildConfigurationList = 975186522970766700781420 /* Build configuration list for PBXProject "MetalBox" */;
			compatibilityVersion = "Xcode 14.0";
			developmentRegion = en;
			hasScannedForEncodings = 0;
			knownRegions = (
				en,
				Base,
			);
			mainGroup = 9751864E2970766700781420;
			packageReferences = (
			);
			productRefGroup = 975186582970766700781420 /* Products */;
			projectDirPath = "";
			projectRoot = "";
			targets = (
				975186562970766700781420 /* MetalBox */,
			);
		};
/* End PBXProject section */

/* Begin PBXResourcesBuildPhase section */
		975186552970766700781420 /* Resources */ = {
			isa = PBXResourcesBuildPhase;
			buildActionMask = 2147483647;
			files = (
				974A9AF02998144F00C95972 /* stb in Resources */,
				974E344229919A000046ECE2 /* glm in Resources */,
				975186642970766800781420 /* Assets.xcassets in Resources */,
				975186672970766800781420 /* Main.storyboard in Resources */,
			);
			runOnlyForDeploymentPostprocessing = 0;
		};
/* End PBXResourcesBuildPhase section */

/* Begin PBXSourcesBuildPhase section */
		975186532970766700781420 /* Sources */ = {
			isa = PBXSourcesBuildPhase;
			buildActionMask = 2147483647;
			files = (
				9751865F2970766700781420 /* Renderer.swift in Sources */,
				978313E82971856F0082CD5F /* Scene.swift in Sources */,
				9772F6F8297EBE6800416889 /* AssimpSimpleShader.metal in Sources */,
				9786FB5429919D06009FB064 /* PerspectiveCamera.mm in Sources */,
				978313EF29719CF90082CD5F /* TaskQueue.swift in Sources */,
				9772F6F6297E81D100416889 /* AssimpMesh.swift in Sources */,
				979D8B4A299A759000D17B67 /* InputManager.swift in Sources */,
				9767FD5F29768C0300CC4E8F /* GameViewController.swift in Sources */,
				979D8B4D299B62EE00D17B67 /* KeyCodes.swift in Sources */,
				975186702970867500781420 /* TriangleShaders.metal in Sources */,
				974A9AF329981B3800C95972 /* StbiImageLoader.m in Sources */,
				978313ED297185F60082CD5F /* MainGameScene.swift in Sources */,
				97005D25297AB63200A2678F /* DefferedShaders.metal in Sources */,
				9751865B2970766700781420 /* AppDelegate.swift in Sources */,
			);
			runOnlyForDeploymentPostprocessing = 0;
		};
/* End PBXSourcesBuildPhase section */

/* Begin PBXVariantGroup section */
		975186652970766800781420 /* Main.storyboard */ = {
			isa = PBXVariantGroup;
			children = (
				975186662970766800781420 /* Base */,
			);
			name = Main.storyboard;
			sourceTree = "<group>";
		};
/* End PBXVariantGroup section */

/* Begin XCBuildConfiguration section */
		975186692970766800781420 /* Debug */ = {
			isa = XCBuildConfiguration;
			buildSettings = {
				ALWAYS_SEARCH_USER_PATHS = NO;
				CLANG_ANALYZER_NONNULL = YES;
				CLANG_ANALYZER_NUMBER_OBJECT_CONVERSION = YES_AGGRESSIVE;
				CLANG_CXX_LANGUAGE_STANDARD = "gnu++20";
				CLANG_ENABLE_MODULES = YES;
				CLANG_ENABLE_OBJC_ARC = YES;
				CLANG_ENABLE_OBJC_WEAK = YES;
				CLANG_WARN_BLOCK_CAPTURE_AUTORELEASING = YES;
				CLANG_WARN_BOOL_CONVERSION = YES;
				CLANG_WARN_COMMA = YES;
				CLANG_WARN_CONSTANT_CONVERSION = YES;
				CLANG_WARN_DEPRECATED_OBJC_IMPLEMENTATIONS = YES;
				CLANG_WARN_DIRECT_OBJC_ISA_USAGE = YES_ERROR;
				CLANG_WARN_DOCUMENTATION_COMMENTS = YES;
				CLANG_WARN_EMPTY_BODY = YES;
				CLANG_WARN_ENUM_CONVERSION = YES;
				CLANG_WARN_INFINITE_RECURSION = YES;
				CLANG_WARN_INT_CONVERSION = YES;
				CLANG_WARN_NON_LITERAL_NULL_CONVERSION = YES;
				CLANG_WARN_OBJC_IMPLICIT_RETAIN_SELF = YES;
				CLANG_WARN_OBJC_LITERAL_CONVERSION = YES;
				CLANG_WARN_OBJC_ROOT_CLASS = YES_ERROR;
				CLANG_WARN_QUOTED_INCLUDE_IN_FRAMEWORK_HEADER = YES;
				CLANG_WARN_RANGE_LOOP_ANALYSIS = YES;
				CLANG_WARN_STRICT_PROTOTYPES = YES;
				CLANG_WARN_SUSPICIOUS_MOVE = YES;
				CLANG_WARN_UNGUARDED_AVAILABILITY = YES_AGGRESSIVE;
				CLANG_WARN_UNREACHABLE_CODE = YES;
				CLANG_WARN__DUPLICATE_METHOD_MATCH = YES;
				COPY_PHASE_STRIP = NO;
				DEBUG_INFORMATION_FORMAT = dwarf;
				ENABLE_STRICT_OBJC_MSGSEND = YES;
				ENABLE_TESTABILITY = YES;
				GCC_C_LANGUAGE_STANDARD = gnu11;
				GCC_DYNAMIC_NO_PIC = NO;
				GCC_NO_COMMON_BLOCKS = YES;
				GCC_OPTIMIZATION_LEVEL = 0;
				GCC_PREPROCESSOR_DEFINITIONS = (
					"DEBUG=1",
					"$(inherited)",
				);
				GCC_WARN_64_TO_32_BIT_CONVERSION = YES;
				GCC_WARN_ABOUT_RETURN_TYPE = YES_ERROR;
				GCC_WARN_UNDECLARED_SELECTOR = YES;
				GCC_WARN_UNINITIALIZED_AUTOS = YES_AGGRESSIVE;
				GCC_WARN_UNUSED_FUNCTION = YES;
				GCC_WARN_UNUSED_VARIABLE = YES;
				MACOSX_DEPLOYMENT_TARGET = 13.1;
				MTL_ENABLE_DEBUG_INFO = INCLUDE_SOURCE;
				MTL_FAST_MATH = YES;
				ONLY_ACTIVE_ARCH = YES;
				SDKROOT = macosx;
				SWIFT_ACTIVE_COMPILATION_CONDITIONS = DEBUG;
				SWIFT_OPTIMIZATION_LEVEL = "-Onone";
			};
			name = Debug;
		};
		9751866A2970766800781420 /* Release */ = {
			isa = XCBuildConfiguration;
			buildSettings = {
				ALWAYS_SEARCH_USER_PATHS = NO;
				CLANG_ANALYZER_NONNULL = YES;
				CLANG_ANALYZER_NUMBER_OBJECT_CONVERSION = YES_AGGRESSIVE;
				CLANG_CXX_LANGUAGE_STANDARD = "gnu++20";
				CLANG_ENABLE_MODULES = YES;
				CLANG_ENABLE_OBJC_ARC = YES;
				CLANG_ENABLE_OBJC_WEAK = YES;
				CLANG_WARN_BLOCK_CAPTURE_AUTORELEASING = YES;
				CLANG_WARN_BOOL_CONVERSION = YES;
				CLANG_WARN_COMMA = YES;
				CLANG_WARN_CONSTANT_CONVERSION = YES;
				CLANG_WARN_DEPRECATED_OBJC_IMPLEMENTATIONS = YES;
				CLANG_WARN_DIRECT_OBJC_ISA_USAGE = YES_ERROR;
				CLANG_WARN_DOCUMENTATION_COMMENTS = YES;
				CLANG_WARN_EMPTY_BODY = YES;
				CLANG_WARN_ENUM_CONVERSION = YES;
				CLANG_WARN_INFINITE_RECURSION = YES;
				CLANG_WARN_INT_CONVERSION = YES;
				CLANG_WARN_NON_LITERAL_NULL_CONVERSION = YES;
				CLANG_WARN_OBJC_IMPLICIT_RETAIN_SELF = YES;
				CLANG_WARN_OBJC_LITERAL_CONVERSION = YES;
				CLANG_WARN_OBJC_ROOT_CLASS = YES_ERROR;
				CLANG_WARN_QUOTED_INCLUDE_IN_FRAMEWORK_HEADER = YES;
				CLANG_WARN_RANGE_LOOP_ANALYSIS = YES;
				CLANG_WARN_STRICT_PROTOTYPES = YES;
				CLANG_WARN_SUSPICIOUS_MOVE = YES;
				CLANG_WARN_UNGUARDED_AVAILABILITY = YES_AGGRESSIVE;
				CLANG_WARN_UNREACHABLE_CODE = YES;
				CLANG_WARN__DUPLICATE_METHOD_MATCH = YES;
				COPY_PHASE_STRIP = NO;
				DEBUG_INFORMATION_FORMAT = "dwarf-with-dsym";
				ENABLE_NS_ASSERTIONS = NO;
				ENABLE_STRICT_OBJC_MSGSEND = YES;
				GCC_C_LANGUAGE_STANDARD = gnu11;
				GCC_NO_COMMON_BLOCKS = YES;
				GCC_WARN_64_TO_32_BIT_CONVERSION = YES;
				GCC_WARN_ABOUT_RETURN_TYPE = YES_ERROR;
				GCC_WARN_UNDECLARED_SELECTOR = YES;
				GCC_WARN_UNINITIALIZED_AUTOS = YES_AGGRESSIVE;
				GCC_WARN_UNUSED_FUNCTION = YES;
				GCC_WARN_UNUSED_VARIABLE = YES;
				MACOSX_DEPLOYMENT_TARGET = 13.1;
				MTL_ENABLE_DEBUG_INFO = NO;
				MTL_FAST_MATH = YES;
				SDKROOT = macosx;
				SWIFT_COMPILATION_MODE = wholemodule;
				SWIFT_OPTIMIZATION_LEVEL = "-O";
			};
			name = Release;
		};
		9751866C2970766800781420 /* Debug */ = {
			isa = XCBuildConfiguration;
			buildSettings = {
				ARCHS = arm64;
				ASSETCATALOG_COMPILER_APPICON_NAME = AppIcon;
				ASSETCATALOG_COMPILER_GLOBAL_ACCENT_COLOR_NAME = AccentColor;
				CLANG_ENABLE_MODULES = YES;
				CODE_SIGN_ENTITLEMENTS = MetalBox/MetalBox.entitlements;
				CODE_SIGN_STYLE = Automatic;
				COMBINE_HIDPI_IMAGES = YES;
				CURRENT_PROJECT_VERSION = 1;
				GENERATE_INFOPLIST_FILE = YES;
				HEADER_SEARCH_PATHS = assimp/include;
				INFOPLIST_KEY_NSHumanReadableCopyright = "";
				INFOPLIST_KEY_NSMainStoryboardFile = Main;
				INFOPLIST_KEY_NSPrincipalClass = NSApplication;
				LD_RUNPATH_SEARCH_PATHS = (
					"$(inherited)",
					"@executable_path/../Frameworks",
				);
				LIBRARY_SEARCH_PATHS = (
					assimp/bin,
					"$(PROJECT_DIR)/assimp/bin",
				);
				MARKETING_VERSION = 1.0;
				PRODUCT_BUNDLE_IDENTIFIER = com.furball.MetalBox;
				PRODUCT_NAME = "$(TARGET_NAME)";
				SWIFT_EMIT_LOC_STRINGS = YES;
				SWIFT_INSTALL_OBJC_HEADER = YES;
				SWIFT_OBJC_BRIDGING_HEADER = MetalBox/MainObjcBridge.h;
				SWIFT_OPTIMIZATION_LEVEL = "-Onone";
				SWIFT_VERSION = 5.0;
			};
			name = Debug;
		};
		9751866D2970766800781420 /* Release */ = {
			isa = XCBuildConfiguration;
			buildSettings = {
				ARCHS = arm64;
				ASSETCATALOG_COMPILER_APPICON_NAME = AppIcon;
				ASSETCATALOG_COMPILER_GLOBAL_ACCENT_COLOR_NAME = AccentColor;
				CLANG_ENABLE_MODULES = YES;
				CODE_SIGN_ENTITLEMENTS = MetalBox/MetalBox.entitlements;
				CODE_SIGN_STYLE = Automatic;
				COMBINE_HIDPI_IMAGES = YES;
				CURRENT_PROJECT_VERSION = 1;
				GENERATE_INFOPLIST_FILE = YES;
				HEADER_SEARCH_PATHS = assimp/include;
				INFOPLIST_KEY_NSHumanReadableCopyright = "";
				INFOPLIST_KEY_NSMainStoryboardFile = Main;
				INFOPLIST_KEY_NSPrincipalClass = NSApplication;
				LD_RUNPATH_SEARCH_PATHS = (
					"$(inherited)",
					"@executable_path/../Frameworks",
				);
				LIBRARY_SEARCH_PATHS = (
					assimp/bin,
					"$(PROJECT_DIR)/assimp/bin",
				);
				MARKETING_VERSION = 1.0;
				PRODUCT_BUNDLE_IDENTIFIER = com.furball.MetalBox;
				PRODUCT_NAME = "$(TARGET_NAME)";
				SWIFT_EMIT_LOC_STRINGS = YES;
				SWIFT_INSTALL_OBJC_HEADER = YES;
				SWIFT_OBJC_BRIDGING_HEADER = MetalBox/MainObjcBridge.h;
				SWIFT_VERSION = 5.0;
			};
			name = Release;
		};
/* End XCBuildConfiguration section */

/* Begin XCConfigurationList section */
		975186522970766700781420 /* Build configuration list for PBXProject "MetalBox" */ = {
			isa = XCConfigurationList;
			buildConfigurations = (
				975186692970766800781420 /* Debug */,
				9751866A2970766800781420 /* Release */,
			);
			defaultConfigurationIsVisible = 0;
			defaultConfigurationName = Release;
		};
		9751866B2970766800781420 /* Build configuration list for PBXNativeTarget "MetalBox" */ = {
			isa = XCConfigurationList;
			buildConfigurations = (
				9751866C2970766800781420 /* Debug */,
				9751866D2970766800781420 /* Release */,
			);
			defaultConfigurationIsVisible = 0;
			defaultConfigurationName = Release;
		};
/* End XCConfigurationList section */
	};
	rootObject = 9751864F2970766700781420 /* Project object */;
}
